{
  "name": "strudel-parity",
  "lockfileVersion": 3,
  "requires": true,
  "packages": {
    "": {
      "name": "strudel-parity",
      "dependencies": {
        "@strudel/core": "file:../../../strudel/packages/core",
        "@strudel/mini": "file:../../../strudel/packages/mini",
        "@strudel/tonal": "file:../../../strudel/packages/tonal",
        "@strudel/transpiler": "file:../../../strudel/packages/transpiler"
      }
    },
    "../../../strudel/packages/core": {
      "name": "@strudel/core",
      "version": "1.2.5",
      "license": "AGPL-3.0-or-later",
      "dependencies": {
        "fraction.js": "^5.2.1"
      },
      "devDependencies": {
        "vite": "^6.0.11",
        "vitest": "^3.0.4"
      },
      "engines": {
        "node": ">=18.0.0"
      }
    },
    "../../../strudel/packages/mini": {
      "name": "@strudel/mini",
      "version": "1.2.5",
      "license": "AGPL-3.0-or-later",
      "dependencies": {
        "@strudel/core": "workspace:*"
      },
      "devDependencies": {
        "peggy": "^4.2.0",
        "vite": "^6.0.11",
        "vitest": "^3.0.4"
      },
      "engines": {
        "node": ">=18.0.0"
      }
    },
    "../../../strudel/packages/tonal": {
      "name": "@strudel/tonal",
      "version": "1.2.5",
      "license": "AGPL-3.0-or-later",
      "dependencies": {
        "@strudel/core": "workspace:*",
        "@tonaljs/tonal": "^4.10.0",
        "chord-voicings": "^0.0.1",
        "webmidi": "^3.1.12"
      },
      "devDependencies": {
        "vite": "^6.0.11",
        "vitest": "^3.0.4"
      },
      "engines": {
        "node": ">=18.0.0"
      }
    },
    "../../../strudel/packages/transpiler": {
      "name": "@strudel/transpiler",
      "version": "1.2.5",
      "license": "AGPL-3.0-or-later",
      "dependencies": {
        "@strudel/core": "workspace:*",
        "@strudel/mini": "workspace:*",
        "acorn": "^8.14.0",
        "escodegen": "^2.1.0",
        "estree-walker": "^3.0.3"
      },
      "devDependencies": {
        "vite": "^6.0.11",
        "vitest": "^3.0.4"
      },
      "engines": {
        "node": ">=18.0.0"
      }
    },
    "node_modules/@strudel/core": {
      "resolved": "../../../strudel/packages/core",
      "link": true
    },
    "node_modules/@strudel/mini": {
      "resolved": "../../../strudel/packages/mini",
      "link": true
    },
    "node_modules/@strudel/tonal": {
      "resolved": "../../../strudel/packages/tonal",
      "link": true
    },
    "node_modules/@strudel/transpiler": {
      "resolved": "../../../strudel/packages/transpiler",
      "link": true
    }
  }
}
